// !$*UTF8*$!
{
	archiveVersion = 1;
	classes = {
	};
	objectVersion = 46;
	objects = {

/* Begin PBXBuildFile section */
		7BC8BAEA1AAEBC70002EFD09 /* main.cpp in Sources */ = {isa = PBXBuildFile; fileRef = 7BC8BAE51AAEBC70002EFD09 /* main.cpp */; };
		7BC8BAEB1AAEBC70002EFD09 /* mysqlpp_connection.cpp in Sources */ = {isa = PBXBuildFile; fileRef = 7BC8BAE61AAEBC70002EFD09 /* mysqlpp_connection.cpp */; };
		7BC8BAEC1AAEBC70002EFD09 /* mysqlpp_result.cpp in Sources */ = {isa = PBXBuildFile; fileRef = 7BC8BAE71AAEBC70002EFD09 /* mysqlpp_result.cpp */; };
		7BC8BAED1AAEBC70002EFD09 /* mysqlpp_statement.cpp in Sources */ = {isa = PBXBuildFile; fileRef = 7BC8BAE81AAEBC70002EFD09 /* mysqlpp_statement.cpp */; };
		7BC8BAEF1AAEBC9F002EFD09 /* libmysqlclient.a in Frameworks */ = {isa = PBXBuildFile; fileRef = 7BC8BAEE1AAEBC9F002EFD09 /* libmysqlclient.a */; };
/* End PBXBuildFile section */

/* Begin PBXCopyFilesBuildPhase section */
		7BC8BAD91AAEBBFA002EFD09 /* CopyFiles */ = {
			isa = PBXCopyFilesBuildPhase;
			buildActionMask = 2147483647;
			dstPath = /usr/share/man/man1/;
			dstSubfolderSpec = 0;
			files = (
			);
			runOnlyForDeploymentPostprocessing = 1;
		};
/* End PBXCopyFilesBuildPhase section */

/* Begin PBXFileReference section */
		7BC8BADB1AAEBBFA002EFD09 /* mysqlpp */ = {isa = PBXFileReference; explicitFileType = "compiled.mach-o.executable"; includeInIndex = 0; path = mysqlpp; sourceTree = BUILT_PRODUCTS_DIR; };
		7BC8BAE51AAEBC70002EFD09 /* main.cpp */ = {isa = PBXFileReference; fileEncoding = 4; lastKnownFileType = sourcecode.cpp.cpp; path = main.cpp; sourceTree = "<group>"; };
		7BC8BAE61AAEBC70002EFD09 /* mysqlpp_connection.cpp */ = {isa = PBXFileReference; fileEncoding = 4; lastKnownFileType = sourcecode.cpp.cpp; path = mysqlpp_connection.cpp; sourceTree = "<group>"; };
		7BC8BAE71AAEBC70002EFD09 /* mysqlpp_result.cpp */ = {isa = PBXFileReference; fileEncoding = 4; lastKnownFileType = sourcecode.cpp.cpp; path = mysqlpp_result.cpp; sourceTree = "<group>"; };
		7BC8BAE81AAEBC70002EFD09 /* mysqlpp_statement.cpp */ = {isa = PBXFileReference; fileEncoding = 4; lastKnownFileType = sourcecode.cpp.cpp; path = mysqlpp_statement.cpp; sourceTree = "<group>"; };
		7BC8BAE91AAEBC70002EFD09 /* mysqlpp.hpp */ = {isa = PBXFileReference; fileEncoding = 4; lastKnownFileType = sourcecode.cpp.h; path = mysqlpp.hpp; sourceTree = "<group>"; };
		7BC8BAEE1AAEBC9F002EFD09 /* libmysqlclient.a */ = {isa = PBXFileReference; lastKnownFileType = archive.ar; name = libmysqlclient.a; path = ../../../../opt/local/lib/mariadb/mysql/libmysqlclient.a; sourceTree = "<group>"; };
/* End PBXFileReference section */

/* Begin PBXFrameworksBuildPhase section */
		7BC8BAD81AAEBBFA002EFD09 /* Frameworks */ = {
			isa = PBXFrameworksBuildPhase;
			buildActionMask = 2147483647;
			files = (
				7BC8BAEF1AAEBC9F002EFD09 /* libmysqlclient.a in Frameworks */,
			);
			runOnlyForDeploymentPostprocessing = 0;
		};
/* End PBXFrameworksBuildPhase section */

/* Begin PBXGroup section */
		7BC8BAD21AAEBBFA002EFD09 = {
			isa = PBXGroup;
			children = (
				7BC8BAEE1AAEBC9F002EFD09 /* libmysqlclient.a */,
				7BC8BAE51AAEBC70002EFD09 /* main.cpp */,
				7BC8BAE61AAEBC70002EFD09 /* mysqlpp_connection.cpp */,
				7BC8BAE71AAEBC70002EFD09 /* mysqlpp_result.cpp */,
				7BC8BAE81AAEBC70002EFD09 /* mysqlpp_statement.cpp */,
				7BC8BAE91AAEBC70002EFD09 /* mysqlpp.hpp */,
				7BC8BADC1AAEBBFA002EFD09 /* Products */,
			);
			sourceTree = "<group>";
		};
		7BC8BADC1AAEBBFA002EFD09 /* Products */ = {
			isa = PBXGroup;
			children = (
				7BC8BADB1AAEBBFA002EFD09 /* mysqlpp */,
			);
			name = Products;
			sourceTree = "<group>";
		};
/* End PBXGroup section */

/* Begin PBXNativeTarget section */
		7BC8BADA1AAEBBFA002EFD09 /* mysqlpp */ = {
			isa = PBXNativeTarget;
			buildConfigurationList = 7BC8BAE21AAEBBFA002EFD09 /* Build configuration list for PBXNativeTarget "mysqlpp" */;
			buildPhases = (
				7BC8BAD71AAEBBFA002EFD09 /* Sources */,
				7BC8BAD81AAEBBFA002EFD09 /* Frameworks */,
				7BC8BAD91AAEBBFA002EFD09 /* CopyFiles */,
			);
			buildRules = (
			);
			dependencies = (
			);
			name = mysqlpp;
			productName = mysqlpp;
			productReference = 7BC8BADB1AAEBBFA002EFD09 /* mysqlpp */;
			productType = "com.apple.product-type.tool";
		};
/* End PBXNativeTarget section */

/* Begin PBXProject section */
		7BC8BAD31AAEBBFA002EFD09 /* Project object */ = {
			isa = PBXProject;
			attributes = {
				LastUpgradeCheck = 0610;
				ORGANIZATIONNAME = waspp;
				TargetAttributes = {
					7BC8BADA1AAEBBFA002EFD09 = {
						CreatedOnToolsVersion = 6.1.1;
					};
				};
			};
			buildConfigurationList = 7BC8BAD61AAEBBFA002EFD09 /* Build configuration list for PBXProject "mysqlpp" */;
			compatibilityVersion = "Xcode 3.2";
			developmentRegion = English;
			hasScannedForEncodings = 0;
			knownRegions = (
				en,
			);
			mainGroup = 7BC8BAD21AAEBBFA002EFD09;
			productRefGroup = 7BC8BADC1AAEBBFA002EFD09 /* Products */;
			projectDirPath = "";
			projectRoot = "";
			targets = (
				7BC8BADA1AAEBBFA002EFD09 /* mysqlpp */,
			);
		};
/* End PBXProject section */

/* Begin PBXSourcesBuildPhase section */
		7BC8BAD71AAEBBFA002EFD09 /* Sources */ = {
			isa = PBXSourcesBuildPhase;
			buildActionMask = 2147483647;
			files = (
				7BC8BAED1AAEBC70002EFD09 /* mysqlpp_statement.cpp in Sources */,
				7BC8BAEC1AAEBC70002EFD09 /* mysqlpp_result.cpp in Sources */,
				7BC8BAEB1AAEBC70002EFD09 /* mysqlpp_connection.cpp in Sources */,
				7BC8BAEA1AAEBC70002EFD09 /* main.cpp in Sources */,
			);
			runOnlyForDeploymentPostprocessing = 0;
		};
/* End PBXSourcesBuildPhase section */

/* Begin XCBuildConfiguration section */
		7BC8BAE01AAEBBFA002EFD09 /* Debug */ = {
			isa = XCBuildConfiguration;
			buildSettings = {
				ALWAYS_SEARCH_USER_PATHS = NO;
				CLANG_CXX_LANGUAGE_STANDARD = "gnu++0x";
				CLANG_CXX_LIBRARY = "libc++";
				CLANG_ENABLE_MODULES = YES;
				CLANG_ENABLE_OBJC_ARC = YES;
				CLANG_WARN_BOOL_CONVERSION = YES;
				CLANG_WARN_CONSTANT_CONVERSION = YES;
				CLANG_WARN_DIRECT_OBJC_ISA_USAGE = YES_ERROR;
				CLANG_WARN_EMPTY_BODY = YES;
				CLANG_WARN_ENUM_CONVERSION = YES;
				CLANG_WARN_INT_CONVERSION = YES;
				CLANG_WARN_OBJC_ROOT_CLASS = YES_ERROR;
				CLANG_WARN_UNREACHABLE_CODE = YES;
				CLANG_WARN__DUPLICATE_METHOD_MATCH = YES;
				COPY_PHASE_STRIP = NO;
				ENABLE_STRICT_OBJC_MSGSEND = YES;
				GCC_C_LANGUAGE_STANDARD = gnu99;
				GCC_DYNAMIC_NO_PIC = NO;
				GCC_OPTIMIZATION_LEVEL = 0;
				GCC_PREPROCESSOR_DEFINITIONS = (
					"DEBUG=1",
					"$(inherited)",
				);
				GCC_SYMBOLS_PRIVATE_EXTERN = NO;
				GCC_WARN_64_TO_32_BIT_CONVERSION = YES;
				GCC_WARN_ABOUT_RETURN_TYPE = YES_ERROR;
				GCC_WARN_UNDECLARED_SELECTOR = YES;
				GCC_WARN_UNINITIALIZED_AUTOS = YES_AGGRESSIVE;
				GCC_WARN_UNUSED_FUNCTION = YES;
				GCC_WARN_UNUSED_VARIABLE = YES;
				MACOSX_DEPLOYMENT_TARGET = 10.9;
				MTL_ENABLE_DEBUG_INFO = YES;
				ONLY_ACTIVE_ARCH = YES;
				SDKROOT = macosx;
			};
			name = Debug;
		};
		7BC8BAE11AAEBBFA002EFD09 /* Release */ = {
			isa = XCBuildConfiguration;
			buildSettings = {
				ALWAYS_SEARCH_USER_PATHS = NO;
				CLANG_CXX_LANGUAGE_STANDARD = "gnu++0x";
				CLANG_CXX_LIBRARY = "libc++";
				CLANG_ENABLE_MODULES = YES;
				CLANG_ENABLE_OBJC_ARC = YES;
				CLANG_WARN_BOOL_CONVERSION = YES;
				CLANG_WARN_CONSTANT_CONVERSION = YES;
				CLANG_WARN_DIRECT_OBJC_ISA_USAGE = YES_ERROR;
				CLANG_WARN_EMPTY_BODY = YES;
				CLANG_WARN_ENUM_CONVERSION = YES;
				CLANG_WARN_INT_CONVERSION = YES;
				CLANG_WARN_OBJC_ROOT_CLASS = YES_ERROR;
				CLANG_WARN_UNREACHABLE_CODE = YES;
				CLANG_WARN__DUPLICATE_METHOD_MATCH = YES;
				COPY_PHASE_STRIP = YES;
				DEBUG_INFORMATION_FORMAT = "dwarf-with-dsym";
				ENABLE_NS_ASSERTIONS = NO;
				ENABLE_STRICT_OBJC_MSGSEND = YES;
				GCC_C_LANGUAGE_STANDARD = gnu99;
				GCC_WARN_64_TO_32_BIT_CONVERSION = YES;
				GCC_WARN_ABOUT_RETURN_TYPE = YES_ERROR;
				GCC_WARN_UNDECLARED_SELECTOR = YES;
				GCC_WARN_UNINITIALIZED_AUTOS = YES_AGGRESSIVE;
				GCC_WARN_UNUSED_FUNCTION = YES;
				GCC_WARN_UNUSED_VARIABLE = YES;
				MACOSX_DEPLOYMENT_TARGET = 10.9;
				MTL_ENABLE_DEBUG_INFO = NO;
				SDKROOT = macosx;
			};
			name = Release;
		};
		7BC8BAE31AAEBBFA002EFD09 /* Debug */ = {
			isa = XCBuildConfiguration;
			buildSettings = {
				HEADER_SEARCH_PATHS = (
					"$(inherited)",
					/Applications/Xcode.app/Contents/Developer/Toolchains/XcodeDefault.xctoolchain/usr/include,
					/opt/local/include/mariadb,
				);
				LIBRARY_SEARCH_PATHS = (
					"$(inherited)",
					/opt/local/lib/mariadb/mysql,
				);
				PRODUCT_NAME = "$(TARGET_NAME)";
			};
			name = Debug;
		};
		7BC8BAE41AAEBBFA002EFD09 /* Release */ = {
			isa = XCBuildConfiguration;
			buildSettings = {
				HEADER_SEARCH_PATHS = (
					"$(inherited)",
					/Applications/Xcode.app/Contents/Developer/Toolchains/XcodeDefault.xctoolchain/usr/include,
					/opt/local/include/mariadb,
				);
				LIBRARY_SEARCH_PATHS = (
					"$(inherited)",
					/opt/local/lib/mariadb/mysql,
				);
				PRODUCT_NAME = "$(TARGET_NAME)";
			};
			name = Release;
		};
/* End XCBuildConfiguration section */

/* Begin XCConfigurationList section */
		7BC8BAD61AAEBBFA002EFD09 /* Build configuration list for PBXProject "mysqlpp" */ = {
			isa = XCConfigurationList;
			buildConfigurations = (
				7BC8BAE01AAEBBFA002EFD09 /* Debug */,
				7BC8BAE11AAEBBFA002EFD09 /* Release */,
			);
			defaultConfigurationIsVisible = 0;
			defaultConfigurationName = Release;
		};
		7BC8BAE21AAEBBFA002EFD09 /* Build configuration list for PBXNativeTarget "mysqlpp" */ = {
			isa = XCConfigurationList;
			buildConfigurations = (
				7BC8BAE31AAEBBFA002EFD09 /* Debug */,
				7BC8BAE41AAEBBFA002EFD09 /* Release */,
			);
			defaultConfigurationIsVisible = 0;
			defaultConfigurationName = Release;
		};
/* End XCConfigurationList section */
	};
	rootObject = 7BC8BAD31AAEBBFA002EFD09 /* Project object */;
}
